Microsoft Visual Studio Solution File, Format Version 12.00
# Visual Studio 2012
Project("{2150E333-8FDC-42A3-9474-1A3956D46DE8}") = "Solution Items", "Solution Items", "{0691ABF2-B3C7-43BF-9862-2D8D1299CE58}"
	ProjectSection(SolutionItems) = preProject
		..\BuildIndicatron.build = ..\BuildIndicatron.build
		..\go.bat = ..\go.bat
	EndProjectSection
EndProject
Project("{FAE04EC0-301F-11D3-BF4B-00C04F79EFBC}") = "BuildIndicatron.Console", "BuildIndicatron.Console\BuildIndicatron.Console.csproj", "{26E07132-2B22-46CE-9A5B-1335FBB1A63C}"
EndProject
Project("{FAE04EC0-301F-11D3-BF4B-00C04F79EFBC}") = "BuildIndicatron.Core", "BuildIndicatron.Core\BuildIndicatron.Core.csproj", "{3AD64C9F-AF4A-4382-BFCF-D8A48BEEE090}"
EndProject
Project("{FAE04EC0-301F-11D3-BF4B-00C04F79EFBC}") = "BuildIndicatron.Tests", "BuildIndicatron.Tests\BuildIndicatron.Tests.csproj", "{14FB0279-985A-4F5B-9975-89A1E9E78770}"
EndProject
Project("{FAE04EC0-301F-11D3-BF4B-00C04F79EFBC}") = "BuildIndicatron.Server", "BuildIndicatron.Server\BuildIndicatron.Server.csproj", "{4B9E1B5D-4095-4B31-B91C-E79155A534A2}"
EndProject
Project("{FAE04EC0-301F-11D3-BF4B-00C04F79EFBC}") = "BuildIndicatron.Shared", "BuildIndicatron.Shared\BuildIndicatron.Shared.csproj", "{A5B3824B-DE19-4A94-A7DA-5D1BBC6CBD95}"
EndProject
Project("{FAE04EC0-301F-11D3-BF4B-00C04F79EFBC}") = "BuildIndicatron.App", "BuildIndicatron.App\BuildIndicatron.App.csproj", "{47025800-AB8C-4075-87BE-BA92AC13AEDC}"
EndProject
Project("{FAE04EC0-301F-11D3-BF4B-00C04F79EFBC}") = "BuildIndicatron.Server.Tests", "BuildIndicatron.Server.Tests\BuildIndicatron.Server.Tests.csproj", "{2D1A3F72-6593-48AE-89F7-700FA9437782}"
EndProject
Project("{2150E333-8FDC-42A3-9474-1A3956D46DE8}") = "Tests", "Tests", "{8FFF574C-0344-4B73-A64D-555C621340C3}"
EndProject
Global
	GlobalSection(SolutionConfigurationPlatforms) = preSolution
		Debug|Any CPU = Debug|Any CPU
		Release|Any CPU = Release|Any CPU
	EndGlobalSection
	GlobalSection(ProjectConfigurationPlatforms) = postSolution
		{26E07132-2B22-46CE-9A5B-1335FBB1A63C}.Debug|Any CPU.ActiveCfg = Debug|Any CPU
		{26E07132-2B22-46CE-9A5B-1335FBB1A63C}.Debug|Any CPU.Build.0 = Debug|Any CPU
		{26E07132-2B22-46CE-9A5B-1335FBB1A63C}.Release|Any CPU.ActiveCfg = Release|Any CPU
		{26E07132-2B22-46CE-9A5B-1335FBB1A63C}.Release|Any CPU.Build.0 = Release|Any CPU
		{3AD64C9F-AF4A-4382-BFCF-D8A48BEEE090}.Debug|Any CPU.ActiveCfg = Debug|Any CPU
		{3AD64C9F-AF4A-4382-BFCF-D8A48BEEE090}.Debug|Any CPU.Build.0 = Debug|Any CPU
		{3AD64C9F-AF4A-4382-BFCF-D8A48BEEE090}.Release|Any CPU.ActiveCfg = Release|Any CPU
		{3AD64C9F-AF4A-4382-BFCF-D8A48BEEE090}.Release|Any CPU.Build.0 = Release|Any CPU
		{14FB0279-985A-4F5B-9975-89A1E9E78770}.Debug|Any CPU.ActiveCfg = Debug|Any CPU
		{14FB0279-985A-4F5B-9975-89A1E9E78770}.Debug|Any CPU.Build.0 = Debug|Any CPU
		{14FB0279-985A-4F5B-9975-89A1E9E78770}.Release|Any CPU.ActiveCfg = Release|Any CPU
		{14FB0279-985A-4F5B-9975-89A1E9E78770}.Release|Any CPU.Build.0 = Release|Any CPU
		{4B9E1B5D-4095-4B31-B91C-E79155A534A2}.Debug|Any CPU.ActiveCfg = Debug|Any CPU
		{4B9E1B5D-4095-4B31-B91C-E79155A534A2}.Debug|Any CPU.Build.0 = Debug|Any CPU
		{4B9E1B5D-4095-4B31-B91C-E79155A534A2}.Release|Any CPU.ActiveCfg = Release|Any CPU
		{4B9E1B5D-4095-4B31-B91C-E79155A534A2}.Release|Any CPU.Build.0 = Release|Any CPU
		{A5B3824B-DE19-4A94-A7DA-5D1BBC6CBD95}.Debug|Any CPU.ActiveCfg = Debug|Any CPU
		{A5B3824B-DE19-4A94-A7DA-5D1BBC6CBD95}.Debug|Any CPU.Build.0 = Debug|Any CPU
		{A5B3824B-DE19-4A94-A7DA-5D1BBC6CBD95}.Release|Any CPU.ActiveCfg = Release|Any CPU
		{A5B3824B-DE19-4A94-A7DA-5D1BBC6CBD95}.Release|Any CPU.Build.0 = Release|Any CPU
		{47025800-AB8C-4075-87BE-BA92AC13AEDC}.Debug|Any CPU.ActiveCfg = Debug|Any CPU
		{47025800-AB8C-4075-87BE-BA92AC13AEDC}.Debug|Any CPU.Build.0 = Debug|Any CPU
		{47025800-AB8C-4075-87BE-BA92AC13AEDC}.Debug|Any CPU.Deploy.0 = Debug|Any CPU
		{47025800-AB8C-4075-87BE-BA92AC13AEDC}.Release|Any CPU.ActiveCfg = Release|Any CPU
		{47025800-AB8C-4075-87BE-BA92AC13AEDC}.Release|Any CPU.Build.0 = Release|Any CPU
		{47025800-AB8C-4075-87BE-BA92AC13AEDC}.Release|Any CPU.Deploy.0 = Release|Any CPU
		{2D1A3F72-6593-48AE-89F7-700FA9437782}.Debug|Any CPU.ActiveCfg = Debug|Any CPU
		{2D1A3F72-6593-48AE-89F7-700FA9437782}.Debug|Any CPU.Build.0 = Debug|Any CPU
		{2D1A3F72-6593-48AE-89F7-700FA9437782}.Release|Any CPU.ActiveCfg = Release|Any CPU
		{2D1A3F72-6593-48AE-89F7-700FA9437782}.Release|Any CPU.Build.0 = Release|Any CPU
	EndGlobalSection
	GlobalSection(SolutionProperties) = preSolution
		HideSolutionNode = FALSE
	EndGlobalSection
	GlobalSection(NestedProjects) = preSolution
		{2D1A3F72-6593-48AE-89F7-700FA9437782} = {8FFF574C-0344-4B73-A64D-555C621340C3}
		{14FB0279-985A-4F5B-9975-89A1E9E78770} = {8FFF574C-0344-4B73-A64D-555C621340C3}
	EndGlobalSection
EndGlobal
