Microsoft Visual Studio Solution File, Format Version 12.00
# Visual Studio 15
VisualStudioVersion = 15.0.26730.10
MinimumVisualStudioVersion = 10.0.40219.1
Project("{2150E333-8FDC-42A3-9474-1A3956D46DE8}") = "Solution Items", "Solution Items", "{0691ABF2-B3C7-43BF-9862-2D8D1299CE58}"
	ProjectSection(SolutionItems) = preProject
		..\.travis.yml = ..\.travis.yml
		..\BuildIndicatron.build = ..\BuildIndicatron.build
		Dockerfile.chip = Dockerfile.chip
		..\go.bat = ..\go.bat
		..\readme.md = ..\readme.md
	EndProjectSection
EndProject
Project("{2150E333-8FDC-42A3-9474-1A3956D46DE8}") = "Tests", "Tests", "{8FFF574C-0344-4B73-A64D-555C621340C3}"
EndProject
Project("{9A19103F-16F7-4668-BE54-9A1E7A4F7556}") = "BuildIndicatron.Console", "BuildIndicatron.Console\BuildIndicatron.Console.csproj", "{26E07132-2B22-46CE-9A5B-1335FBB1A63C}"
EndProject
Project("{9A19103F-16F7-4668-BE54-9A1E7A4F7556}") = "BuildIndicatron.Core", "BuildIndicatron.Core\BuildIndicatron.Core.csproj", "{3AD64C9F-AF4A-4382-BFCF-D8A48BEEE090}"
EndProject
Project("{9A19103F-16F7-4668-BE54-9A1E7A4F7556}") = "BuildIndicatron.Tests", "BuildIndicatron.Tests\BuildIndicatron.Tests.csproj", "{14FB0279-985A-4F5B-9975-89A1E9E78770}"
EndProject
Project("{9A19103F-16F7-4668-BE54-9A1E7A4F7556}") = "BuildIndicatron.Shared", "BuildIndicatron.Shared\BuildIndicatron.Shared.csproj", "{A5B3824B-DE19-4A94-A7DA-5D1BBC6CBD95}"
EndProject
Project("{9A19103F-16F7-4668-BE54-9A1E7A4F7556}") = "BuildIndicatron.Server.Tests", "BuildIndicatron.Server.Tests\BuildIndicatron.Server.Tests.csproj", "{2D1A3F72-6593-48AE-89F7-700FA9437782}"
EndProject
Project("{2150E333-8FDC-42A3-9474-1A3956D46DE8}") = ".nuget", ".nuget", "{EC772507-EC74-4B8C-87C7-BCFA78BCB738}"
	ProjectSection(SolutionItems) = preProject
		.nuget\NuGet.Config = .nuget\NuGet.Config
		.nuget\NuGet.exe = .nuget\NuGet.exe
		.nuget\NuGet.targets = .nuget\NuGet.targets
	EndProjectSection
EndProject
Project("{9A19103F-16F7-4668-BE54-9A1E7A4F7556}") = "BuildIndicatron.Server.Core", "BuildIndicatron.Server.Core\BuildIndicatron.Server.Core.csproj", "{7A3A3050-D704-4D22-B8D9-DDF08213F66C}"
EndProject
Project("{2150E333-8FDC-42A3-9474-1A3956D46DE8}") = "Common", "Common", "{FFD2B3AA-44D1-40DA-A62E-89D852B24DEA}"
EndProject
Project("{9A19103F-16F7-4668-BE54-9A1E7A4F7556}") = "BuildIndicatron.Integration.Raspberry", "BuildIndicatron.Integration.Raspberry\BuildIndicatron.Integration.Raspberry.csproj", "{4D03DB6D-5BC5-4E8C-AEF0-4B07EE75990C}"
EndProject
Project("{FAE04EC0-301F-11D3-BF4B-00C04F79EFBC}") = "BuildIndicatron.Server.Chip", "BuildIndicatron.Server.Chip\BuildIndicatron.Server.Chip.csproj", "{8D45C076-E59D-4676-A946-9C238EA8D085}"
EndProject
Project("{FAE04EC0-301F-11D3-BF4B-00C04F79EFBC}") = "BuildIndicatron.Server.Pi", "BuildIndicatron.Server.Pi\BuildIndicatron.Server.Pi.csproj", "{55BFE7EC-EE19-4DA8-8526-F874BE39C3C6}"
EndProject
Global
	GlobalSection(SolutionConfigurationPlatforms) = preSolution
		Debug|Any CPU = Debug|Any CPU
		Debug|ARM = Debug|ARM
		Debug|x86 = Debug|x86
		Release|Any CPU = Release|Any CPU
		Release|ARM = Release|ARM
		Release|x86 = Release|x86
	EndGlobalSection
	GlobalSection(ProjectConfigurationPlatforms) = postSolution
		{26E07132-2B22-46CE-9A5B-1335FBB1A63C}.Debug|Any CPU.ActiveCfg = Debug|Any CPU
		{26E07132-2B22-46CE-9A5B-1335FBB1A63C}.Debug|Any CPU.Build.0 = Debug|Any CPU
		{26E07132-2B22-46CE-9A5B-1335FBB1A63C}.Debug|ARM.ActiveCfg = Debug|Any CPU
		{26E07132-2B22-46CE-9A5B-1335FBB1A63C}.Debug|x86.ActiveCfg = Debug|Any CPU
		{26E07132-2B22-46CE-9A5B-1335FBB1A63C}.Release|Any CPU.ActiveCfg = Release|Any CPU
		{26E07132-2B22-46CE-9A5B-1335FBB1A63C}.Release|Any CPU.Build.0 = Release|Any CPU
		{26E07132-2B22-46CE-9A5B-1335FBB1A63C}.Release|ARM.ActiveCfg = Release|Any CPU
		{26E07132-2B22-46CE-9A5B-1335FBB1A63C}.Release|x86.ActiveCfg = Release|Any CPU
		{3AD64C9F-AF4A-4382-BFCF-D8A48BEEE090}.Debug|Any CPU.ActiveCfg = Debug|Any CPU
		{3AD64C9F-AF4A-4382-BFCF-D8A48BEEE090}.Debug|Any CPU.Build.0 = Debug|Any CPU
		{3AD64C9F-AF4A-4382-BFCF-D8A48BEEE090}.Debug|ARM.ActiveCfg = Debug|Any CPU
		{3AD64C9F-AF4A-4382-BFCF-D8A48BEEE090}.Debug|x86.ActiveCfg = Debug|Any CPU
		{3AD64C9F-AF4A-4382-BFCF-D8A48BEEE090}.Release|Any CPU.ActiveCfg = Release|Any CPU
		{3AD64C9F-AF4A-4382-BFCF-D8A48BEEE090}.Release|Any CPU.Build.0 = Release|Any CPU
		{3AD64C9F-AF4A-4382-BFCF-D8A48BEEE090}.Release|ARM.ActiveCfg = Release|Any CPU
		{3AD64C9F-AF4A-4382-BFCF-D8A48BEEE090}.Release|x86.ActiveCfg = Release|Any CPU
		{14FB0279-985A-4F5B-9975-89A1E9E78770}.Debug|Any CPU.ActiveCfg = Debug|Any CPU
		{14FB0279-985A-4F5B-9975-89A1E9E78770}.Debug|Any CPU.Build.0 = Debug|Any CPU
		{14FB0279-985A-4F5B-9975-89A1E9E78770}.Debug|ARM.ActiveCfg = Debug|Any CPU
		{14FB0279-985A-4F5B-9975-89A1E9E78770}.Debug|x86.ActiveCfg = Debug|Any CPU
		{14FB0279-985A-4F5B-9975-89A1E9E78770}.Release|Any CPU.ActiveCfg = Release|Any CPU
		{14FB0279-985A-4F5B-9975-89A1E9E78770}.Release|Any CPU.Build.0 = Release|Any CPU
		{14FB0279-985A-4F5B-9975-89A1E9E78770}.Release|ARM.ActiveCfg = Release|Any CPU
		{14FB0279-985A-4F5B-9975-89A1E9E78770}.Release|x86.ActiveCfg = Release|Any CPU
		{A5B3824B-DE19-4A94-A7DA-5D1BBC6CBD95}.Debug|Any CPU.ActiveCfg = Debug|Any CPU
		{A5B3824B-DE19-4A94-A7DA-5D1BBC6CBD95}.Debug|Any CPU.Build.0 = Debug|Any CPU
		{A5B3824B-DE19-4A94-A7DA-5D1BBC6CBD95}.Debug|ARM.ActiveCfg = Debug|Any CPU
		{A5B3824B-DE19-4A94-A7DA-5D1BBC6CBD95}.Debug|x86.ActiveCfg = Debug|Any CPU
		{A5B3824B-DE19-4A94-A7DA-5D1BBC6CBD95}.Release|Any CPU.ActiveCfg = Release|Any CPU
		{A5B3824B-DE19-4A94-A7DA-5D1BBC6CBD95}.Release|Any CPU.Build.0 = Release|Any CPU
		{A5B3824B-DE19-4A94-A7DA-5D1BBC6CBD95}.Release|ARM.ActiveCfg = Release|Any CPU
		{A5B3824B-DE19-4A94-A7DA-5D1BBC6CBD95}.Release|x86.ActiveCfg = Release|Any CPU
		{2D1A3F72-6593-48AE-89F7-700FA9437782}.Debug|Any CPU.ActiveCfg = Debug|Any CPU
		{2D1A3F72-6593-48AE-89F7-700FA9437782}.Debug|Any CPU.Build.0 = Debug|Any CPU
		{2D1A3F72-6593-48AE-89F7-700FA9437782}.Debug|ARM.ActiveCfg = Debug|Any CPU
		{2D1A3F72-6593-48AE-89F7-700FA9437782}.Debug|x86.ActiveCfg = Debug|Any CPU
		{2D1A3F72-6593-48AE-89F7-700FA9437782}.Release|Any CPU.ActiveCfg = Release|Any CPU
		{2D1A3F72-6593-48AE-89F7-700FA9437782}.Release|Any CPU.Build.0 = Release|Any CPU
		{2D1A3F72-6593-48AE-89F7-700FA9437782}.Release|ARM.ActiveCfg = Release|Any CPU
		{2D1A3F72-6593-48AE-89F7-700FA9437782}.Release|x86.ActiveCfg = Release|Any CPU
		{7A3A3050-D704-4D22-B8D9-DDF08213F66C}.Debug|Any CPU.ActiveCfg = Debug|Any CPU
		{7A3A3050-D704-4D22-B8D9-DDF08213F66C}.Debug|Any CPU.Build.0 = Debug|Any CPU
		{7A3A3050-D704-4D22-B8D9-DDF08213F66C}.Debug|ARM.ActiveCfg = Debug|Any CPU
		{7A3A3050-D704-4D22-B8D9-DDF08213F66C}.Debug|ARM.Build.0 = Debug|Any CPU
		{7A3A3050-D704-4D22-B8D9-DDF08213F66C}.Debug|x86.ActiveCfg = Debug|Any CPU
		{7A3A3050-D704-4D22-B8D9-DDF08213F66C}.Debug|x86.Build.0 = Debug|Any CPU
		{7A3A3050-D704-4D22-B8D9-DDF08213F66C}.Release|Any CPU.ActiveCfg = Release|Any CPU
		{7A3A3050-D704-4D22-B8D9-DDF08213F66C}.Release|Any CPU.Build.0 = Release|Any CPU
		{7A3A3050-D704-4D22-B8D9-DDF08213F66C}.Release|ARM.ActiveCfg = Release|Any CPU
		{7A3A3050-D704-4D22-B8D9-DDF08213F66C}.Release|ARM.Build.0 = Release|Any CPU
		{7A3A3050-D704-4D22-B8D9-DDF08213F66C}.Release|x86.ActiveCfg = Release|Any CPU
		{7A3A3050-D704-4D22-B8D9-DDF08213F66C}.Release|x86.Build.0 = Release|Any CPU
		{4D03DB6D-5BC5-4E8C-AEF0-4B07EE75990C}.Debug|Any CPU.ActiveCfg = Debug|Any CPU
		{4D03DB6D-5BC5-4E8C-AEF0-4B07EE75990C}.Debug|Any CPU.Build.0 = Debug|Any CPU
		{4D03DB6D-5BC5-4E8C-AEF0-4B07EE75990C}.Debug|ARM.ActiveCfg = Debug|Any CPU
		{4D03DB6D-5BC5-4E8C-AEF0-4B07EE75990C}.Debug|ARM.Build.0 = Debug|Any CPU
		{4D03DB6D-5BC5-4E8C-AEF0-4B07EE75990C}.Debug|x86.ActiveCfg = Debug|Any CPU
		{4D03DB6D-5BC5-4E8C-AEF0-4B07EE75990C}.Debug|x86.Build.0 = Debug|Any CPU
		{4D03DB6D-5BC5-4E8C-AEF0-4B07EE75990C}.Release|Any CPU.ActiveCfg = Release|Any CPU
		{4D03DB6D-5BC5-4E8C-AEF0-4B07EE75990C}.Release|Any CPU.Build.0 = Release|Any CPU
		{4D03DB6D-5BC5-4E8C-AEF0-4B07EE75990C}.Release|ARM.ActiveCfg = Release|Any CPU
		{4D03DB6D-5BC5-4E8C-AEF0-4B07EE75990C}.Release|ARM.Build.0 = Release|Any CPU
		{4D03DB6D-5BC5-4E8C-AEF0-4B07EE75990C}.Release|x86.ActiveCfg = Release|Any CPU
		{4D03DB6D-5BC5-4E8C-AEF0-4B07EE75990C}.Release|x86.Build.0 = Release|Any CPU
		{8D45C076-E59D-4676-A946-9C238EA8D085}.Debug|Any CPU.ActiveCfg = Debug|Any CPU
		{8D45C076-E59D-4676-A946-9C238EA8D085}.Debug|Any CPU.Build.0 = Debug|Any CPU
		{8D45C076-E59D-4676-A946-9C238EA8D085}.Debug|ARM.ActiveCfg = Debug|Any CPU
		{8D45C076-E59D-4676-A946-9C238EA8D085}.Debug|ARM.Build.0 = Debug|Any CPU
		{8D45C076-E59D-4676-A946-9C238EA8D085}.Debug|x86.ActiveCfg = Debug|Any CPU
		{8D45C076-E59D-4676-A946-9C238EA8D085}.Debug|x86.Build.0 = Debug|Any CPU
		{8D45C076-E59D-4676-A946-9C238EA8D085}.Release|Any CPU.ActiveCfg = Release|Any CPU
		{8D45C076-E59D-4676-A946-9C238EA8D085}.Release|Any CPU.Build.0 = Release|Any CPU
		{8D45C076-E59D-4676-A946-9C238EA8D085}.Release|ARM.ActiveCfg = Release|Any CPU
		{8D45C076-E59D-4676-A946-9C238EA8D085}.Release|ARM.Build.0 = Release|Any CPU
		{8D45C076-E59D-4676-A946-9C238EA8D085}.Release|x86.ActiveCfg = Release|Any CPU
		{8D45C076-E59D-4676-A946-9C238EA8D085}.Release|x86.Build.0 = Release|Any CPU
		{55BFE7EC-EE19-4DA8-8526-F874BE39C3C6}.Debug|Any CPU.ActiveCfg = Debug|Any CPU
		{55BFE7EC-EE19-4DA8-8526-F874BE39C3C6}.Debug|Any CPU.Build.0 = Debug|Any CPU
		{55BFE7EC-EE19-4DA8-8526-F874BE39C3C6}.Debug|ARM.ActiveCfg = Debug|Any CPU
		{55BFE7EC-EE19-4DA8-8526-F874BE39C3C6}.Debug|ARM.Build.0 = Debug|Any CPU
		{55BFE7EC-EE19-4DA8-8526-F874BE39C3C6}.Debug|x86.ActiveCfg = Debug|Any CPU
		{55BFE7EC-EE19-4DA8-8526-F874BE39C3C6}.Debug|x86.Build.0 = Debug|Any CPU
		{55BFE7EC-EE19-4DA8-8526-F874BE39C3C6}.Release|Any CPU.ActiveCfg = Release|Any CPU
		{55BFE7EC-EE19-4DA8-8526-F874BE39C3C6}.Release|Any CPU.Build.0 = Release|Any CPU
		{55BFE7EC-EE19-4DA8-8526-F874BE39C3C6}.Release|ARM.ActiveCfg = Release|Any CPU
		{55BFE7EC-EE19-4DA8-8526-F874BE39C3C6}.Release|ARM.Build.0 = Release|Any CPU
		{55BFE7EC-EE19-4DA8-8526-F874BE39C3C6}.Release|x86.ActiveCfg = Release|Any CPU
		{55BFE7EC-EE19-4DA8-8526-F874BE39C3C6}.Release|x86.Build.0 = Release|Any CPU
	EndGlobalSection
	GlobalSection(SolutionProperties) = preSolution
		HideSolutionNode = FALSE
	EndGlobalSection
	GlobalSection(NestedProjects) = preSolution
		{3AD64C9F-AF4A-4382-BFCF-D8A48BEEE090} = {FFD2B3AA-44D1-40DA-A62E-89D852B24DEA}
		{14FB0279-985A-4F5B-9975-89A1E9E78770} = {8FFF574C-0344-4B73-A64D-555C621340C3}
		{A5B3824B-DE19-4A94-A7DA-5D1BBC6CBD95} = {FFD2B3AA-44D1-40DA-A62E-89D852B24DEA}
		{2D1A3F72-6593-48AE-89F7-700FA9437782} = {8FFF574C-0344-4B73-A64D-555C621340C3}
		{4D03DB6D-5BC5-4E8C-AEF0-4B07EE75990C} = {FFD2B3AA-44D1-40DA-A62E-89D852B24DEA}
	EndGlobalSection
	GlobalSection(ExtensibilityGlobals) = postSolution
		SolutionGuid = {4D3CFBB8-8FA3-467C-87A0-1434BC259604}
	EndGlobalSection
EndGlobal
